// !$*UTF8*$!
{
	archiveVersion = 1;
	classes = {
	};
	objectVersion = 56;
	objects = {

/* Begin PBXBuildFile section */
		522F46542BF24776002F8796 /* CustomIconButton.swift in Sources */ = {isa = PBXBuildFile; fileRef = 522F46532BF24776002F8796 /* CustomIconButton.swift */; };
		522F46562BF2478E002F8796 /* CustomImage.swift in Sources */ = {isa = PBXBuildFile; fileRef = 522F46552BF2478E002F8796 /* CustomImage.swift */; };
		522F46592BF247BB002F8796 /* Endpoint.swift in Sources */ = {isa = PBXBuildFile; fileRef = 522F46582BF247BB002F8796 /* Endpoint.swift */; };
		522F465B2BF247CB002F8796 /* NetworkManager.swift in Sources */ = {isa = PBXBuildFile; fileRef = 522F465A2BF247CB002F8796 /* NetworkManager.swift */; };
		522F465D2BF2483F002F8796 /* Meeting.swift in Sources */ = {isa = PBXBuildFile; fileRef = 522F465C2BF2483F002F8796 /* Meeting.swift */; };
		522F465F2BF2485B002F8796 /* User.swift in Sources */ = {isa = PBXBuildFile; fileRef = 522F465E2BF2485B002F8796 /* User.swift */; };
		522F46622BF2488B002F8796 /* AuthResponse.swift in Sources */ = {isa = PBXBuildFile; fileRef = 522F46612BF2488B002F8796 /* AuthResponse.swift */; };
		522F46642BF24906002F8796 /* MeetingResponse.swift in Sources */ = {isa = PBXBuildFile; fileRef = 522F46632BF24906002F8796 /* MeetingResponse.swift */; };
		522F466A2BF250C4002F8796 /* SignUpView.swift in Sources */ = {isa = PBXBuildFile; fileRef = 522F46692BF250C4002F8796 /* SignUpView.swift */; };
		522F466C2BF250D1002F8796 /* SignUpViewModel.swift in Sources */ = {isa = PBXBuildFile; fileRef = 522F466B2BF250D1002F8796 /* SignUpViewModel.swift */; };
		522F466E2BF250FB002F8796 /* TabBar.swift in Sources */ = {isa = PBXBuildFile; fileRef = 522F466D2BF250FB002F8796 /* TabBar.swift */; };
		522F46702BF25202002F8796 /* SignInView.swift in Sources */ = {isa = PBXBuildFile; fileRef = 522F466F2BF25202002F8796 /* SignInView.swift */; };
		522F46722BF25217002F8796 /* SignInViewModel.swift in Sources */ = {isa = PBXBuildFile; fileRef = 522F46712BF25217002F8796 /* SignInViewModel.swift */; };
		523CF58E2BF37BC200CC0F92 /* MeetingsView.swift in Sources */ = {isa = PBXBuildFile; fileRef = 523CF58D2BF37BC200CC0F92 /* MeetingsView.swift */; };
		523CF5902BF37BCC00CC0F92 /* MeetingsViewModel.swift in Sources */ = {isa = PBXBuildFile; fileRef = 523CF58F2BF37BCC00CC0F92 /* MeetingsViewModel.swift */; };
		523CF5922BF37D3C00CC0F92 /* MeetingDetailView.swift in Sources */ = {isa = PBXBuildFile; fileRef = 523CF5912BF37D3C00CC0F92 /* MeetingDetailView.swift */; };
		523CF5942BF3963A00CC0F92 /* UserMeetingResponse.swift in Sources */ = {isa = PBXBuildFile; fileRef = 523CF5932BF3963A00CC0F92 /* UserMeetingResponse.swift */; };
		525102B62BB04C1200575DE6 /* GraduationProjectApp.swift in Sources */ = {isa = PBXBuildFile; fileRef = 525102B52BB04C1200575DE6 /* GraduationProjectApp.swift */; };
		525102B82BB04C1200575DE6 /* ContentView.swift in Sources */ = {isa = PBXBuildFile; fileRef = 525102B72BB04C1200575DE6 /* ContentView.swift */; };
		525102BA2BB04C1300575DE6 /* Assets.xcassets in Resources */ = {isa = PBXBuildFile; fileRef = 525102B92BB04C1300575DE6 /* Assets.xcassets */; };
		525102BD2BB04C1300575DE6 /* Preview Assets.xcassets in Resources */ = {isa = PBXBuildFile; fileRef = 525102BC2BB04C1300575DE6 /* Preview Assets.xcassets */; };
		525102BF2BB04C1300575DE6 /* Persistence.swift in Sources */ = {isa = PBXBuildFile; fileRef = 525102BE2BB04C1300575DE6 /* Persistence.swift */; };
		525102C22BB04C1300575DE6 /* GraduationProject.xcdatamodeld in Sources */ = {isa = PBXBuildFile; fileRef = 525102C02BB04C1300575DE6 /* GraduationProject.xcdatamodeld */; };
		525102D92BB04DEF00575DE6 /* GoogleService-Info.plist in Resources */ = {isa = PBXBuildFile; fileRef = 525102D82BB04DEF00575DE6 /* GoogleService-Info.plist */; };
		525103132BB0502500575DE6 /* SessionManager.swift in Sources */ = {isa = PBXBuildFile; fileRef = 525103122BB0502500575DE6 /* SessionManager.swift */; };
		525103192BB0522600575DE6 /* StaticFuncs.swift in Sources */ = {isa = PBXBuildFile; fileRef = 525103182BB0522600575DE6 /* StaticFuncs.swift */; };
		525103212BB0570300575DE6 /* Colors.swift in Sources */ = {isa = PBXBuildFile; fileRef = 525103202BB0570300575DE6 /* Colors.swift */; };
		525103242BB0572E00575DE6 /* CustomTextField.swift in Sources */ = {isa = PBXBuildFile; fileRef = 525103232BB0572E00575DE6 /* CustomTextField.swift */; };
		525103262BB0573F00575DE6 /* CustomButton.swift in Sources */ = {isa = PBXBuildFile; fileRef = 525103252BB0573F00575DE6 /* CustomButton.swift */; };
		525103282BB0575000575DE6 /* CustomToggle.swift in Sources */ = {isa = PBXBuildFile; fileRef = 525103272BB0575000575DE6 /* CustomToggle.swift */; };
		5251032A2BB0576200575DE6 /* CustomBackButton.swift in Sources */ = {isa = PBXBuildFile; fileRef = 525103292BB0576200575DE6 /* CustomBackButton.swift */; };
		5251032E2BB0578700575DE6 /* TextViewModifier.swift in Sources */ = {isa = PBXBuildFile; fileRef = 5251032D2BB0578700575DE6 /* TextViewModifier.swift */; };
/* End PBXBuildFile section */

/* Begin PBXFileReference section */
		522F46532BF24776002F8796 /* CustomIconButton.swift */ = {isa = PBXFileReference; lastKnownFileType = sourcecode.swift; path = CustomIconButton.swift; sourceTree = "<group>"; };
		522F46552BF2478E002F8796 /* CustomImage.swift */ = {isa = PBXFileReference; lastKnownFileType = sourcecode.swift; path = CustomImage.swift; sourceTree = "<group>"; };
		522F46582BF247BB002F8796 /* Endpoint.swift */ = {isa = PBXFileReference; lastKnownFileType = sourcecode.swift; path = Endpoint.swift; sourceTree = "<group>"; };
		522F465A2BF247CB002F8796 /* NetworkManager.swift */ = {isa = PBXFileReference; lastKnownFileType = sourcecode.swift; path = NetworkManager.swift; sourceTree = "<group>"; };
		522F465C2BF2483F002F8796 /* Meeting.swift */ = {isa = PBXFileReference; lastKnownFileType = sourcecode.swift; path = Meeting.swift; sourceTree = "<group>"; };
		522F465E2BF2485B002F8796 /* User.swift */ = {isa = PBXFileReference; lastKnownFileType = sourcecode.swift; path = User.swift; sourceTree = "<group>"; };
		522F46612BF2488B002F8796 /* AuthResponse.swift */ = {isa = PBXFileReference; lastKnownFileType = sourcecode.swift; path = AuthResponse.swift; sourceTree = "<group>"; };
		522F46632BF24906002F8796 /* MeetingResponse.swift */ = {isa = PBXFileReference; lastKnownFileType = sourcecode.swift; path = MeetingResponse.swift; sourceTree = "<group>"; };
		522F46692BF250C4002F8796 /* SignUpView.swift */ = {isa = PBXFileReference; lastKnownFileType = sourcecode.swift; path = SignUpView.swift; sourceTree = "<group>"; };
		522F466B2BF250D1002F8796 /* SignUpViewModel.swift */ = {isa = PBXFileReference; lastKnownFileType = sourcecode.swift; path = SignUpViewModel.swift; sourceTree = "<group>"; };
		522F466D2BF250FB002F8796 /* TabBar.swift */ = {isa = PBXFileReference; lastKnownFileType = sourcecode.swift; path = TabBar.swift; sourceTree = "<group>"; };
		522F466F2BF25202002F8796 /* SignInView.swift */ = {isa = PBXFileReference; lastKnownFileType = sourcecode.swift; path = SignInView.swift; sourceTree = "<group>"; };
		522F46712BF25217002F8796 /* SignInViewModel.swift */ = {isa = PBXFileReference; lastKnownFileType = sourcecode.swift; path = SignInViewModel.swift; sourceTree = "<group>"; };
		523CF58D2BF37BC200CC0F92 /* MeetingsView.swift */ = {isa = PBXFileReference; lastKnownFileType = sourcecode.swift; path = MeetingsView.swift; sourceTree = "<group>"; };
		523CF58F2BF37BCC00CC0F92 /* MeetingsViewModel.swift */ = {isa = PBXFileReference; lastKnownFileType = sourcecode.swift; path = MeetingsViewModel.swift; sourceTree = "<group>"; };
		523CF5912BF37D3C00CC0F92 /* MeetingDetailView.swift */ = {isa = PBXFileReference; lastKnownFileType = sourcecode.swift; path = MeetingDetailView.swift; sourceTree = "<group>"; };
		523CF5932BF3963A00CC0F92 /* UserMeetingResponse.swift */ = {isa = PBXFileReference; lastKnownFileType = sourcecode.swift; path = UserMeetingResponse.swift; sourceTree = "<group>"; };
		525102B22BB04C1200575DE6 /* GraduationProject.app */ = {isa = PBXFileReference; explicitFileType = wrapper.application; includeInIndex = 0; path = GraduationProject.app; sourceTree = BUILT_PRODUCTS_DIR; };
		525102B52BB04C1200575DE6 /* GraduationProjectApp.swift */ = {isa = PBXFileReference; lastKnownFileType = sourcecode.swift; path = GraduationProjectApp.swift; sourceTree = "<group>"; };
		525102B72BB04C1200575DE6 /* ContentView.swift */ = {isa = PBXFileReference; lastKnownFileType = sourcecode.swift; path = ContentView.swift; sourceTree = "<group>"; };
		525102B92BB04C1300575DE6 /* Assets.xcassets */ = {isa = PBXFileReference; lastKnownFileType = folder.assetcatalog; path = Assets.xcassets; sourceTree = "<group>"; };
		525102BC2BB04C1300575DE6 /* Preview Assets.xcassets */ = {isa = PBXFileReference; lastKnownFileType = folder.assetcatalog; path = "Preview Assets.xcassets"; sourceTree = "<group>"; };
		525102BE2BB04C1300575DE6 /* Persistence.swift */ = {isa = PBXFileReference; lastKnownFileType = sourcecode.swift; path = Persistence.swift; sourceTree = "<group>"; };
		525102C12BB04C1300575DE6 /* GraduationProject.xcdatamodel */ = {isa = PBXFileReference; lastKnownFileType = wrapper.xcdatamodel; path = GraduationProject.xcdatamodel; sourceTree = "<group>"; };
		525102D82BB04DEF00575DE6 /* GoogleService-Info.plist */ = {isa = PBXFileReference; fileEncoding = 4; lastKnownFileType = text.plist.xml; path = "GoogleService-Info.plist"; sourceTree = "<group>"; };
		525103122BB0502500575DE6 /* SessionManager.swift */ = {isa = PBXFileReference; lastKnownFileType = sourcecode.swift; path = SessionManager.swift; sourceTree = "<group>"; };
		525103182BB0522600575DE6 /* StaticFuncs.swift */ = {isa = PBXFileReference; lastKnownFileType = sourcecode.swift; path = StaticFuncs.swift; sourceTree = "<group>"; };
		525103202BB0570300575DE6 /* Colors.swift */ = {isa = PBXFileReference; lastKnownFileType = sourcecode.swift; path = Colors.swift; sourceTree = "<group>"; };
		525103232BB0572E00575DE6 /* CustomTextField.swift */ = {isa = PBXFileReference; lastKnownFileType = sourcecode.swift; path = CustomTextField.swift; sourceTree = "<group>"; };
		525103252BB0573F00575DE6 /* CustomButton.swift */ = {isa = PBXFileReference; lastKnownFileType = sourcecode.swift; path = CustomButton.swift; sourceTree = "<group>"; };
		525103272BB0575000575DE6 /* CustomToggle.swift */ = {isa = PBXFileReference; lastKnownFileType = sourcecode.swift; path = CustomToggle.swift; sourceTree = "<group>"; };
		525103292BB0576200575DE6 /* CustomBackButton.swift */ = {isa = PBXFileReference; lastKnownFileType = sourcecode.swift; path = CustomBackButton.swift; sourceTree = "<group>"; };
		5251032D2BB0578700575DE6 /* TextViewModifier.swift */ = {isa = PBXFileReference; lastKnownFileType = sourcecode.swift; path = TextViewModifier.swift; sourceTree = "<group>"; };
/* End PBXFileReference section */

/* Begin PBXFrameworksBuildPhase section */
		525102AF2BB04C1200575DE6 /* Frameworks */ = {
			isa = PBXFrameworksBuildPhase;
			buildActionMask = 2147483647;
			files = (
			);
			runOnlyForDeploymentPostprocessing = 0;
		};
/* End PBXFrameworksBuildPhase section */

/* Begin PBXGroup section */
		522F46572BF247B0002F8796 /* NetworkService */ = {
			isa = PBXGroup;
			children = (
				522F46582BF247BB002F8796 /* Endpoint.swift */,
				522F465A2BF247CB002F8796 /* NetworkManager.swift */,
			);
			path = NetworkService;
			sourceTree = "<group>";
		};
		522F46602BF2486F002F8796 /* Response */ = {
			isa = PBXGroup;
			children = (
				522F46612BF2488B002F8796 /* AuthResponse.swift */,
				522F46632BF24906002F8796 /* MeetingResponse.swift */,
				523CF5932BF3963A00CC0F92 /* UserMeetingResponse.swift */,
			);
			path = Response;
			sourceTree = "<group>";
		};
		522F46652BF24DDD002F8796 /* Features */ = {
			isa = PBXGroup;
			children = (
				523CF58C2BF37BB500CC0F92 /* Meeting */,
				522F46662BF24DF4002F8796 /* Auth */,
				522F466D2BF250FB002F8796 /* TabBar.swift */,
			);
			path = Features;
			sourceTree = "<group>";
		};
		522F46662BF24DF4002F8796 /* Auth */ = {
			isa = PBXGroup;
			children = (
				522F46682BF24DFE002F8796 /* SignIn */,
				522F46672BF24DF9002F8796 /* SignUp */,
			);
			path = Auth;
			sourceTree = "<group>";
		};
		522F46672BF24DF9002F8796 /* SignUp */ = {
			isa = PBXGroup;
			children = (
				522F46692BF250C4002F8796 /* SignUpView.swift */,
				522F466B2BF250D1002F8796 /* SignUpViewModel.swift */,
			);
			path = SignUp;
			sourceTree = "<group>";
		};
		522F46682BF24DFE002F8796 /* SignIn */ = {
			isa = PBXGroup;
			children = (
				522F466F2BF25202002F8796 /* SignInView.swift */,
				522F46712BF25217002F8796 /* SignInViewModel.swift */,
			);
			path = SignIn;
			sourceTree = "<group>";
		};
		523CF58C2BF37BB500CC0F92 /* Meeting */ = {
			isa = PBXGroup;
			children = (
				523CF58D2BF37BC200CC0F92 /* MeetingsView.swift */,
				523CF58F2BF37BCC00CC0F92 /* MeetingsViewModel.swift */,
				523CF5912BF37D3C00CC0F92 /* MeetingDetailView.swift */,
			);
			path = Meeting;
			sourceTree = "<group>";
		};
		525102A92BB04C1200575DE6 = {
			isa = PBXGroup;
			children = (
				525102B42BB04C1200575DE6 /* GraduationProject */,
				525102B32BB04C1200575DE6 /* Products */,
			);
			sourceTree = "<group>";
		};
		525102B32BB04C1200575DE6 /* Products */ = {
			isa = PBXGroup;
			children = (
				525102B22BB04C1200575DE6 /* GraduationProject.app */,
			);
			name = Products;
			sourceTree = "<group>";
		};
		525102B42BB04C1200575DE6 /* GraduationProject */ = {
			isa = PBXGroup;
			children = (
				522F46652BF24DDD002F8796 /* Features */,
				522F46572BF247B0002F8796 /* NetworkService */,
				525103222BB0571600575DE6 /* CustomComponents */,
				525103172BB051EA00575DE6 /* Models */,
				525103162BB051E500575DE6 /* Utils */,
				525103112BB0501A00575DE6 /* Managers */,
				525102D82BB04DEF00575DE6 /* GoogleService-Info.plist */,
				525102C82BB04C6D00575DE6 /* Service */,
				525102B52BB04C1200575DE6 /* GraduationProjectApp.swift */,
				525102B72BB04C1200575DE6 /* ContentView.swift */,
				525102B92BB04C1300575DE6 /* Assets.xcassets */,
				525102BE2BB04C1300575DE6 /* Persistence.swift */,
				525102C02BB04C1300575DE6 /* GraduationProject.xcdatamodeld */,
				525102BB2BB04C1300575DE6 /* Preview Content */,
			);
			path = GraduationProject;
			sourceTree = "<group>";
		};
		525102BB2BB04C1300575DE6 /* Preview Content */ = {
			isa = PBXGroup;
			children = (
				525102BC2BB04C1300575DE6 /* Preview Assets.xcassets */,
			);
			path = "Preview Content";
			sourceTree = "<group>";
		};
		525102C82BB04C6D00575DE6 /* Service */ = {
			isa = PBXGroup;
			children = (
			);
			path = Service;
			sourceTree = "<group>";
		};
		525103112BB0501A00575DE6 /* Managers */ = {
			isa = PBXGroup;
			children = (
				525103122BB0502500575DE6 /* SessionManager.swift */,
			);
			path = Managers;
			sourceTree = "<group>";
		};
		525103162BB051E500575DE6 /* Utils */ = {
			isa = PBXGroup;
			children = (
				5251032C2BB0577700575DE6 /* ViewModifiers */,
				525103182BB0522600575DE6 /* StaticFuncs.swift */,
				525103202BB0570300575DE6 /* Colors.swift */,
			);
			path = Utils;
			sourceTree = "<group>";
		};
		525103172BB051EA00575DE6 /* Models */ = {
			isa = PBXGroup;
			children = (
				522F46602BF2486F002F8796 /* Response */,
				522F465C2BF2483F002F8796 /* Meeting.swift */,
				522F465E2BF2485B002F8796 /* User.swift */,
			);
			path = Models;
			sourceTree = "<group>";
		};
		525103222BB0571600575DE6 /* CustomComponents */ = {
			isa = PBXGroup;
			children = (
				525103232BB0572E00575DE6 /* CustomTextField.swift */,
				525103252BB0573F00575DE6 /* CustomButton.swift */,
				525103272BB0575000575DE6 /* CustomToggle.swift */,
				525103292BB0576200575DE6 /* CustomBackButton.swift */,
				522F46532BF24776002F8796 /* CustomIconButton.swift */,
				522F46552BF2478E002F8796 /* CustomImage.swift */,
			);
			path = CustomComponents;
			sourceTree = "<group>";
		};
		5251032C2BB0577700575DE6 /* ViewModifiers */ = {
			isa = PBXGroup;
			children = (
				5251032D2BB0578700575DE6 /* TextViewModifier.swift */,
			);
			path = ViewModifiers;
			sourceTree = "<group>";
		};
/* End PBXGroup section */

/* Begin PBXNativeTarget section */
		525102B12BB04C1200575DE6 /* GraduationProject */ = {
			isa = PBXNativeTarget;
			buildConfigurationList = 525102C52BB04C1300575DE6 /* Build configuration list for PBXNativeTarget "GraduationProject" */;
			buildPhases = (
				525102AE2BB04C1200575DE6 /* Sources */,
				525102AF2BB04C1200575DE6 /* Frameworks */,
				525102B02BB04C1200575DE6 /* Resources */,
			);
			buildRules = (
			);
			dependencies = (
			);
			name = GraduationProject;
			packageProductDependencies = (
			);
			productName = GraduationProject;
			productReference = 525102B22BB04C1200575DE6 /* GraduationProject.app */;
			productType = "com.apple.product-type.application";
		};
/* End PBXNativeTarget section */

/* Begin PBXProject section */
		525102AA2BB04C1200575DE6 /* Project object */ = {
			isa = PBXProject;
			attributes = {
				BuildIndependentTargetsInParallel = 1;
				LastSwiftUpdateCheck = 1520;
				LastUpgradeCheck = 1520;
				TargetAttributes = {
					525102B12BB04C1200575DE6 = {
						CreatedOnToolsVersion = 15.2;
					};
				};
			};
			buildConfigurationList = 525102AD2BB04C1200575DE6 /* Build configuration list for PBXProject "GraduationProject" */;
			compatibilityVersion = "Xcode 14.0";
			developmentRegion = en;
			hasScannedForEncodings = 0;
			knownRegions = (
				en,
				Base,
			);
			mainGroup = 525102A92BB04C1200575DE6;
			packageReferences = (
			);
			productRefGroup = 525102B32BB04C1200575DE6 /* Products */;
			projectDirPath = "";
			projectRoot = "";
			targets = (
				525102B12BB04C1200575DE6 /* GraduationProject */,
			);
		};
/* End PBXProject section */

/* Begin PBXResourcesBuildPhase section */
		525102B02BB04C1200575DE6 /* Resources */ = {
			isa = PBXResourcesBuildPhase;
			buildActionMask = 2147483647;
			files = (
				525102BD2BB04C1300575DE6 /* Preview Assets.xcassets in Resources */,
				525102BA2BB04C1300575DE6 /* Assets.xcassets in Resources */,
				525102D92BB04DEF00575DE6 /* GoogleService-Info.plist in Resources */,
			);
			runOnlyForDeploymentPostprocessing = 0;
		};
/* End PBXResourcesBuildPhase section */

/* Begin PBXSourcesBuildPhase section */
		525102AE2BB04C1200575DE6 /* Sources */ = {
			isa = PBXSourcesBuildPhase;
			buildActionMask = 2147483647;
			files = (
				525103242BB0572E00575DE6 /* CustomTextField.swift in Sources */,
				525102BF2BB04C1300575DE6 /* Persistence.swift in Sources */,
				525103212BB0570300575DE6 /* Colors.swift in Sources */,
				522F465B2BF247CB002F8796 /* NetworkManager.swift in Sources */,
				523CF58E2BF37BC200CC0F92 /* MeetingsView.swift in Sources */,
				522F46622BF2488B002F8796 /* AuthResponse.swift in Sources */,
				525102B82BB04C1200575DE6 /* ContentView.swift in Sources */,
				522F46702BF25202002F8796 /* SignInView.swift in Sources */,
				525103262BB0573F00575DE6 /* CustomButton.swift in Sources */,
				523CF5922BF37D3C00CC0F92 /* MeetingDetailView.swift in Sources */,
				525103192BB0522600575DE6 /* StaticFuncs.swift in Sources */,
				522F465F2BF2485B002F8796 /* User.swift in Sources */,
				5251032A2BB0576200575DE6 /* CustomBackButton.swift in Sources */,
				522F466A2BF250C4002F8796 /* SignUpView.swift in Sources */,
				525102B62BB04C1200575DE6 /* GraduationProjectApp.swift in Sources */,
				522F46562BF2478E002F8796 /* CustomImage.swift in Sources */,
				522F46722BF25217002F8796 /* SignInViewModel.swift in Sources */,
				523CF5942BF3963A00CC0F92 /* UserMeetingResponse.swift in Sources */,
				525102C22BB04C1300575DE6 /* GraduationProject.xcdatamodeld in Sources */,
				522F46592BF247BB002F8796 /* Endpoint.swift in Sources */,
				522F46542BF24776002F8796 /* CustomIconButton.swift in Sources */,
				525103282BB0575000575DE6 /* CustomToggle.swift in Sources */,
				525103132BB0502500575DE6 /* SessionManager.swift in Sources */,
				523CF5902BF37BCC00CC0F92 /* MeetingsViewModel.swift in Sources */,
				522F465D2BF2483F002F8796 /* Meeting.swift in Sources */,
				522F46642BF24906002F8796 /* MeetingResponse.swift in Sources */,
				522F466C2BF250D1002F8796 /* SignUpViewModel.swift in Sources */,
				5251032E2BB0578700575DE6 /* TextViewModifier.swift in Sources */,
				522F466E2BF250FB002F8796 /* TabBar.swift in Sources */,
			);
			runOnlyForDeploymentPostprocessing = 0;
		};
/* End PBXSourcesBuildPhase section */

/* Begin XCBuildConfiguration section */
		525102C32BB04C1300575DE6 /* Debug */ = {
			isa = XCBuildConfiguration;
			buildSettings = {
				ALWAYS_SEARCH_USER_PATHS = NO;
				ASSETCATALOG_COMPILER_GENERATE_SWIFT_ASSET_SYMBOL_EXTENSIONS = YES;
				CLANG_ANALYZER_NONNULL = YES;
				CLANG_ANALYZER_NUMBER_OBJECT_CONVERSION = YES_AGGRESSIVE;
				CLANG_CXX_LANGUAGE_STANDARD = "gnu++20";
				CLANG_ENABLE_MODULES = YES;
				CLANG_ENABLE_OBJC_ARC = YES;
				CLANG_ENABLE_OBJC_WEAK = YES;
				CLANG_WARN_BLOCK_CAPTURE_AUTORELEASING = YES;
				CLANG_WARN_BOOL_CONVERSION = YES;
				CLANG_WARN_COMMA = YES;
				CLANG_WARN_CONSTANT_CONVERSION = YES;
				CLANG_WARN_DEPRECATED_OBJC_IMPLEMENTATIONS = YES;
				CLANG_WARN_DIRECT_OBJC_ISA_USAGE = YES_ERROR;
				CLANG_WARN_DOCUMENTATION_COMMENTS = YES;
				CLANG_WARN_EMPTY_BODY = YES;
				CLANG_WARN_ENUM_CONVERSION = YES;
				CLANG_WARN_INFINITE_RECURSION = YES;
				CLANG_WARN_INT_CONVERSION = YES;
				CLANG_WARN_NON_LITERAL_NULL_CONVERSION = YES;
				CLANG_WARN_OBJC_IMPLICIT_RETAIN_SELF = YES;
				CLANG_WARN_OBJC_LITERAL_CONVERSION = YES;
				CLANG_WARN_OBJC_ROOT_CLASS = YES_ERROR;
				CLANG_WARN_QUOTED_INCLUDE_IN_FRAMEWORK_HEADER = YES;
				CLANG_WARN_RANGE_LOOP_ANALYSIS = YES;
				CLANG_WARN_STRICT_PROTOTYPES = YES;
				CLANG_WARN_SUSPICIOUS_MOVE = YES;
				CLANG_WARN_UNGUARDED_AVAILABILITY = YES_AGGRESSIVE;
				CLANG_WARN_UNREACHABLE_CODE = YES;
				CLANG_WARN__DUPLICATE_METHOD_MATCH = YES;
				COPY_PHASE_STRIP = NO;
				DEBUG_INFORMATION_FORMAT = dwarf;
				ENABLE_STRICT_OBJC_MSGSEND = YES;
				ENABLE_TESTABILITY = YES;
				ENABLE_USER_SCRIPT_SANDBOXING = YES;
				GCC_C_LANGUAGE_STANDARD = gnu17;
				GCC_DYNAMIC_NO_PIC = NO;
				GCC_NO_COMMON_BLOCKS = YES;
				GCC_OPTIMIZATION_LEVEL = 0;
				GCC_PREPROCESSOR_DEFINITIONS = (
					"DEBUG=1",
					"$(inherited)",
				);
				GCC_WARN_64_TO_32_BIT_CONVERSION = YES;
				GCC_WARN_ABOUT_RETURN_TYPE = YES_ERROR;
				GCC_WARN_UNDECLARED_SELECTOR = YES;
				GCC_WARN_UNINITIALIZED_AUTOS = YES_AGGRESSIVE;
				GCC_WARN_UNUSED_FUNCTION = YES;
				GCC_WARN_UNUSED_VARIABLE = YES;
				IPHONEOS_DEPLOYMENT_TARGET = 17.2;
				LOCALIZATION_PREFERS_STRING_CATALOGS = YES;
				MTL_ENABLE_DEBUG_INFO = INCLUDE_SOURCE;
				MTL_FAST_MATH = YES;
				ONLY_ACTIVE_ARCH = YES;
				SDKROOT = iphoneos;
				SWIFT_ACTIVE_COMPILATION_CONDITIONS = "DEBUG $(inherited)";
				SWIFT_OPTIMIZATION_LEVEL = "-Onone";
			};
			name = Debug;
		};
		525102C42BB04C1300575DE6 /* Release */ = {
			isa = XCBuildConfiguration;
			buildSettings = {
				ALWAYS_SEARCH_USER_PATHS = NO;
				ASSETCATALOG_COMPILER_GENERATE_SWIFT_ASSET_SYMBOL_EXTENSIONS = YES;
				CLANG_ANALYZER_NONNULL = YES;
				CLANG_ANALYZER_NUMBER_OBJECT_CONVERSION = YES_AGGRESSIVE;
				CLANG_CXX_LANGUAGE_STANDARD = "gnu++20";
				CLANG_ENABLE_MODULES = YES;
				CLANG_ENABLE_OBJC_ARC = YES;
				CLANG_ENABLE_OBJC_WEAK = YES;
				CLANG_WARN_BLOCK_CAPTURE_AUTORELEASING = YES;
				CLANG_WARN_BOOL_CONVERSION = YES;
				CLANG_WARN_COMMA = YES;
				CLANG_WARN_CONSTANT_CONVERSION = YES;
				CLANG_WARN_DEPRECATED_OBJC_IMPLEMENTATIONS = YES;
				CLANG_WARN_DIRECT_OBJC_ISA_USAGE = YES_ERROR;
				CLANG_WARN_DOCUMENTATION_COMMENTS = YES;
				CLANG_WARN_EMPTY_BODY = YES;
				CLANG_WARN_ENUM_CONVERSION = YES;
				CLANG_WARN_INFINITE_RECURSION = YES;
				CLANG_WARN_INT_CONVERSION = YES;
				CLANG_WARN_NON_LITERAL_NULL_CONVERSION = YES;
				CLANG_WARN_OBJC_IMPLICIT_RETAIN_SELF = YES;
				CLANG_WARN_OBJC_LITERAL_CONVERSION = YES;
				CLANG_WARN_OBJC_ROOT_CLASS = YES_ERROR;
				CLANG_WARN_QUOTED_INCLUDE_IN_FRAMEWORK_HEADER = YES;
				CLANG_WARN_RANGE_LOOP_ANALYSIS = YES;
				CLANG_WARN_STRICT_PROTOTYPES = YES;
				CLANG_WARN_SUSPICIOUS_MOVE = YES;
				CLANG_WARN_UNGUARDED_AVAILABILITY = YES_AGGRESSIVE;
				CLANG_WARN_UNREACHABLE_CODE = YES;
				CLANG_WARN__DUPLICATE_METHOD_MATCH = YES;
				COPY_PHASE_STRIP = NO;
				DEBUG_INFORMATION_FORMAT = "dwarf-with-dsym";
				ENABLE_NS_ASSERTIONS = NO;
				ENABLE_STRICT_OBJC_MSGSEND = YES;
				ENABLE_USER_SCRIPT_SANDBOXING = YES;
				GCC_C_LANGUAGE_STANDARD = gnu17;
				GCC_NO_COMMON_BLOCKS = YES;
				GCC_WARN_64_TO_32_BIT_CONVERSION = YES;
				GCC_WARN_ABOUT_RETURN_TYPE = YES_ERROR;
				GCC_WARN_UNDECLARED_SELECTOR = YES;
				GCC_WARN_UNINITIALIZED_AUTOS = YES_AGGRESSIVE;
				GCC_WARN_UNUSED_FUNCTION = YES;
				GCC_WARN_UNUSED_VARIABLE = YES;
				IPHONEOS_DEPLOYMENT_TARGET = 17.2;
				LOCALIZATION_PREFERS_STRING_CATALOGS = YES;
				MTL_ENABLE_DEBUG_INFO = NO;
				MTL_FAST_MATH = YES;
				SDKROOT = iphoneos;
				SWIFT_COMPILATION_MODE = wholemodule;
				VALIDATE_PRODUCT = YES;
			};
			name = Release;
		};
		525102C62BB04C1300575DE6 /* Debug */ = {
			isa = XCBuildConfiguration;
			buildSettings = {
				ASSETCATALOG_COMPILER_APPICON_NAME = AppIcon;
				ASSETCATALOG_COMPILER_GLOBAL_ACCENT_COLOR_NAME = AccentColor;
				CODE_SIGN_STYLE = Automatic;
				CURRENT_PROJECT_VERSION = 1;
				DEVELOPMENT_ASSET_PATHS = "\"GraduationProject/Preview Content\"";
				DEVELOPMENT_TEAM = 2758CUH3C2;
				ENABLE_PREVIEWS = YES;
				GENERATE_INFOPLIST_FILE = YES;
				INFOPLIST_KEY_UIApplicationSceneManifest_Generation = YES;
				INFOPLIST_KEY_UIApplicationSupportsIndirectInputEvents = YES;
				INFOPLIST_KEY_UILaunchScreen_Generation = YES;
				INFOPLIST_KEY_UISupportedInterfaceOrientations_iPad = "UIInterfaceOrientationPortrait UIInterfaceOrientationPortraitUpsideDown UIInterfaceOrientationLandscapeLeft UIInterfaceOrientationLandscapeRight";
				INFOPLIST_KEY_UISupportedInterfaceOrientations_iPhone = "UIInterfaceOrientationPortrait UIInterfaceOrientationLandscapeLeft UIInterfaceOrientationLandscapeRight";
				LD_RUNPATH_SEARCH_PATHS = (
					"$(inherited)",
					"@executable_path/Frameworks",
				);
				MARKETING_VERSION = 1.0;
				PRODUCT_BUNDLE_IDENTIFIER = com.ulasozturk.GraduationProject;
				PRODUCT_NAME = "$(TARGET_NAME)";
				SWIFT_EMIT_LOC_STRINGS = YES;
				SWIFT_VERSION = 5.0;
				TARGETED_DEVICE_FAMILY = "1,2";
			};
			name = Debug;
		};
		525102C72BB04C1300575DE6 /* Release */ = {
			isa = XCBuildConfiguration;
			buildSettings = {
				ASSETCATALOG_COMPILER_APPICON_NAME = AppIcon;
				ASSETCATALOG_COMPILER_GLOBAL_ACCENT_COLOR_NAME = AccentColor;
				CODE_SIGN_STYLE = Automatic;
				CURRENT_PROJECT_VERSION = 1;
				DEVELOPMENT_ASSET_PATHS = "\"GraduationProject/Preview Content\"";
				DEVELOPMENT_TEAM = 2758CUH3C2;
				ENABLE_PREVIEWS = YES;
				GENERATE_INFOPLIST_FILE = YES;
				INFOPLIST_KEY_UIApplicationSceneManifest_Generation = YES;
				INFOPLIST_KEY_UIApplicationSupportsIndirectInputEvents = YES;
				INFOPLIST_KEY_UILaunchScreen_Generation = YES;
				INFOPLIST_KEY_UISupportedInterfaceOrientations_iPad = "UIInterfaceOrientationPortrait UIInterfaceOrientationPortraitUpsideDown UIInterfaceOrientationLandscapeLeft UIInterfaceOrientationLandscapeRight";
				INFOPLIST_KEY_UISupportedInterfaceOrientations_iPhone = "UIInterfaceOrientationPortrait UIInterfaceOrientationLandscapeLeft UIInterfaceOrientationLandscapeRight";
				LD_RUNPATH_SEARCH_PATHS = (
					"$(inherited)",
					"@executable_path/Frameworks",
				);
				MARKETING_VERSION = 1.0;
				PRODUCT_BUNDLE_IDENTIFIER = com.ulasozturk.GraduationProject;
				PRODUCT_NAME = "$(TARGET_NAME)";
				SWIFT_EMIT_LOC_STRINGS = YES;
				SWIFT_VERSION = 5.0;
				TARGETED_DEVICE_FAMILY = "1,2";
			};
			name = Release;
		};
/* End XCBuildConfiguration section */

/* Begin XCConfigurationList section */
		525102AD2BB04C1200575DE6 /* Build configuration list for PBXProject "GraduationProject" */ = {
			isa = XCConfigurationList;
			buildConfigurations = (
				525102C32BB04C1300575DE6 /* Debug */,
				525102C42BB04C1300575DE6 /* Release */,
			);
			defaultConfigurationIsVisible = 0;
			defaultConfigurationName = Release;
		};
		525102C52BB04C1300575DE6 /* Build configuration list for PBXNativeTarget "GraduationProject" */ = {
			isa = XCConfigurationList;
			buildConfigurations = (
				525102C62BB04C1300575DE6 /* Debug */,
				525102C72BB04C1300575DE6 /* Release */,
			);
			defaultConfigurationIsVisible = 0;
			defaultConfigurationName = Release;
		};
/* End XCConfigurationList section */

/* Begin XCVersionGroup section */
		525102C02BB04C1300575DE6 /* GraduationProject.xcdatamodeld */ = {
			isa = XCVersionGroup;
			children = (
				525102C12BB04C1300575DE6 /* GraduationProject.xcdatamodel */,
			);
			currentVersion = 525102C12BB04C1300575DE6 /* GraduationProject.xcdatamodel */;
			path = GraduationProject.xcdatamodeld;
			sourceTree = "<group>";
			versionGroupType = wrapper.xcdatamodel;
		};
/* End XCVersionGroup section */
	};
	rootObject = 525102AA2BB04C1200575DE6 /* Project object */;
}
