// !$*UTF8*$!
{
	archiveVersion = 1;
	classes = {
	};
	objectVersion = 56;
	objects = {

/* Begin PBXBuildFile section */
		529D12022B946071005F7C4C /* MeetPlan-Design-Report.docx in Resources */ = {isa = PBXBuildFile; fileRef = 529D12012B946071005F7C4C /* MeetPlan-Design-Report.docx */; };
		52B7C7142B49E2FF003E507E /* AppDelegate.swift in Sources */ = {isa = PBXBuildFile; fileRef = 52B7C7132B49E2FF003E507E /* AppDelegate.swift */; };
		52B7C7162B49E2FF003E507E /* SceneDelegate.swift in Sources */ = {isa = PBXBuildFile; fileRef = 52B7C7152B49E2FF003E507E /* SceneDelegate.swift */; };
		52B7C7182B49E2FF003E507E /* ViewController.swift in Sources */ = {isa = PBXBuildFile; fileRef = 52B7C7172B49E2FF003E507E /* ViewController.swift */; };
		52B7C71D2B49E300003E507E /* Assets.xcassets in Resources */ = {isa = PBXBuildFile; fileRef = 52B7C71C2B49E300003E507E /* Assets.xcassets */; };
		52B7C7202B49E300003E507E /* LaunchScreen.storyboard in Resources */ = {isa = PBXBuildFile; fileRef = 52B7C71E2B49E300003E507E /* LaunchScreen.storyboard */; };
		52B7C72B2B49E300003E507E /* GraduationProjectTests.swift in Sources */ = {isa = PBXBuildFile; fileRef = 52B7C72A2B49E300003E507E /* GraduationProjectTests.swift */; };
		52B7C7352B49E300003E507E /* GraduationProjectUITests.swift in Sources */ = {isa = PBXBuildFile; fileRef = 52B7C7342B49E300003E507E /* GraduationProjectUITests.swift */; };
		52B7C7372B49E300003E507E /* GraduationProjectUITestsLaunchTests.swift in Sources */ = {isa = PBXBuildFile; fileRef = 52B7C7362B49E300003E507E /* GraduationProjectUITestsLaunchTests.swift */; };
/* End PBXBuildFile section */

/* Begin PBXContainerItemProxy section */
		52B7C7272B49E300003E507E /* PBXContainerItemProxy */ = {
			isa = PBXContainerItemProxy;
			containerPortal = 52B7C7082B49E2FF003E507E /* Project object */;
			proxyType = 1;
			remoteGlobalIDString = 52B7C70F2B49E2FF003E507E;
			remoteInfo = GraduationProject;
		};
		52B7C7312B49E300003E507E /* PBXContainerItemProxy */ = {
			isa = PBXContainerItemProxy;
			containerPortal = 52B7C7082B49E2FF003E507E /* Project object */;
			proxyType = 1;
			remoteGlobalIDString = 52B7C70F2B49E2FF003E507E;
			remoteInfo = GraduationProject;
		};
/* End PBXContainerItemProxy section */

/* Begin PBXFileReference section */
		529D12012B946071005F7C4C /* MeetPlan-Design-Report.docx */ = {isa = PBXFileReference; lastKnownFileType = file; name = "MeetPlan-Design-Report.docx"; path = "../../../../MeetPlan-Design-Report.docx"; sourceTree = "<group>"; };
		52B7C7102B49E2FF003E507E /* GraduationProject.app */ = {isa = PBXFileReference; explicitFileType = wrapper.application; includeInIndex = 0; path = GraduationProject.app; sourceTree = BUILT_PRODUCTS_DIR; };
		52B7C7132B49E2FF003E507E /* AppDelegate.swift */ = {isa = PBXFileReference; lastKnownFileType = sourcecode.swift; path = AppDelegate.swift; sourceTree = "<group>"; };
		52B7C7152B49E2FF003E507E /* SceneDelegate.swift */ = {isa = PBXFileReference; lastKnownFileType = sourcecode.swift; path = SceneDelegate.swift; sourceTree = "<group>"; };
		52B7C7172B49E2FF003E507E /* ViewController.swift */ = {isa = PBXFileReference; lastKnownFileType = sourcecode.swift; path = ViewController.swift; sourceTree = "<group>"; };
		52B7C71C2B49E300003E507E /* Assets.xcassets */ = {isa = PBXFileReference; lastKnownFileType = folder.assetcatalog; path = Assets.xcassets; sourceTree = "<group>"; };
		52B7C71F2B49E300003E507E /* Base */ = {isa = PBXFileReference; lastKnownFileType = file.storyboard; name = Base; path = Base.lproj/LaunchScreen.storyboard; sourceTree = "<group>"; };
		52B7C7212B49E300003E507E /* Info.plist */ = {isa = PBXFileReference; lastKnownFileType = text.plist.xml; path = Info.plist; sourceTree = "<group>"; };
		52B7C7262B49E300003E507E /* GraduationProjectTests.xctest */ = {isa = PBXFileReference; explicitFileType = wrapper.cfbundle; includeInIndex = 0; path = GraduationProjectTests.xctest; sourceTree = BUILT_PRODUCTS_DIR; };
		52B7C72A2B49E300003E507E /* GraduationProjectTests.swift */ = {isa = PBXFileReference; lastKnownFileType = sourcecode.swift; path = GraduationProjectTests.swift; sourceTree = "<group>"; };
		52B7C7302B49E300003E507E /* GraduationProjectUITests.xctest */ = {isa = PBXFileReference; explicitFileType = wrapper.cfbundle; includeInIndex = 0; path = GraduationProjectUITests.xctest; sourceTree = BUILT_PRODUCTS_DIR; };
		52B7C7342B49E300003E507E /* GraduationProjectUITests.swift */ = {isa = PBXFileReference; lastKnownFileType = sourcecode.swift; path = GraduationProjectUITests.swift; sourceTree = "<group>"; };
		52B7C7362B49E300003E507E /* GraduationProjectUITestsLaunchTests.swift */ = {isa = PBXFileReference; lastKnownFileType = sourcecode.swift; path = GraduationProjectUITestsLaunchTests.swift; sourceTree = "<group>"; };
/* End PBXFileReference section */

/* Begin PBXFrameworksBuildPhase section */
		52B7C70D2B49E2FF003E507E /* Frameworks */ = {
			isa = PBXFrameworksBuildPhase;
			buildActionMask = 2147483647;
			files = (
			);
			runOnlyForDeploymentPostprocessing = 0;
		};
		52B7C7232B49E300003E507E /* Frameworks */ = {
			isa = PBXFrameworksBuildPhase;
			buildActionMask = 2147483647;
			files = (
			);
			runOnlyForDeploymentPostprocessing = 0;
		};
		52B7C72D2B49E300003E507E /* Frameworks */ = {
			isa = PBXFrameworksBuildPhase;
			buildActionMask = 2147483647;
			files = (
			);
			runOnlyForDeploymentPostprocessing = 0;
		};
/* End PBXFrameworksBuildPhase section */

/* Begin PBXGroup section */
		529D12002B94605E005F7C4C /* Files */ = {
			isa = PBXGroup;
			children = (
				529D12012B946071005F7C4C /* MeetPlan-Design-Report.docx */,
			);
			path = Files;
			sourceTree = "<group>";
		};
		52B7C7072B49E2FF003E507E = {
			isa = PBXGroup;
			children = (
				529D12002B94605E005F7C4C /* Files */,
				52B7C7122B49E2FF003E507E /* GraduationProject */,
				52B7C7292B49E300003E507E /* GraduationProjectTests */,
				52B7C7332B49E300003E507E /* GraduationProjectUITests */,
				52B7C7112B49E2FF003E507E /* Products */,
			);
			sourceTree = "<group>";
		};
		52B7C7112B49E2FF003E507E /* Products */ = {
			isa = PBXGroup;
			children = (
				52B7C7102B49E2FF003E507E /* GraduationProject.app */,
				52B7C7262B49E300003E507E /* GraduationProjectTests.xctest */,
				52B7C7302B49E300003E507E /* GraduationProjectUITests.xctest */,
			);
			name = Products;
			sourceTree = "<group>";
		};
		52B7C7122B49E2FF003E507E /* GraduationProject */ = {
			isa = PBXGroup;
			children = (
				52B7C7132B49E2FF003E507E /* AppDelegate.swift */,
				52B7C7152B49E2FF003E507E /* SceneDelegate.swift */,
				52B7C7172B49E2FF003E507E /* ViewController.swift */,
				52B7C71C2B49E300003E507E /* Assets.xcassets */,
				52B7C71E2B49E300003E507E /* LaunchScreen.storyboard */,
				52B7C7212B49E300003E507E /* Info.plist */,
			);
			path = GraduationProject;
			sourceTree = "<group>";
		};
		52B7C7292B49E300003E507E /* GraduationProjectTests */ = {
			isa = PBXGroup;
			children = (
				52B7C72A2B49E300003E507E /* GraduationProjectTests.swift */,
			);
			path = GraduationProjectTests;
			sourceTree = "<group>";
		};
		52B7C7332B49E300003E507E /* GraduationProjectUITests */ = {
			isa = PBXGroup;
			children = (
				52B7C7342B49E300003E507E /* GraduationProjectUITests.swift */,
				52B7C7362B49E300003E507E /* GraduationProjectUITestsLaunchTests.swift */,
			);
			path = GraduationProjectUITests;
			sourceTree = "<group>";
		};
/* End PBXGroup section */

/* Begin PBXNativeTarget section */
		52B7C70F2B49E2FF003E507E /* GraduationProject */ = {
			isa = PBXNativeTarget;
			buildConfigurationList = 52B7C73A2B49E300003E507E /* Build configuration list for PBXNativeTarget "GraduationProject" */;
			buildPhases = (
				52B7C70C2B49E2FF003E507E /* Sources */,
				52B7C70D2B49E2FF003E507E /* Frameworks */,
				52B7C70E2B49E2FF003E507E /* Resources */,
			);
			buildRules = (
			);
			dependencies = (
			);
			name = GraduationProject;
			productName = GraduationProject;
			productReference = 52B7C7102B49E2FF003E507E /* GraduationProject.app */;
			productType = "com.apple.product-type.application";
		};
		52B7C7252B49E300003E507E /* GraduationProjectTests */ = {
			isa = PBXNativeTarget;
			buildConfigurationList = 52B7C73D2B49E300003E507E /* Build configuration list for PBXNativeTarget "GraduationProjectTests" */;
			buildPhases = (
				52B7C7222B49E300003E507E /* Sources */,
				52B7C7232B49E300003E507E /* Frameworks */,
				52B7C7242B49E300003E507E /* Resources */,
			);
			buildRules = (
			);
			dependencies = (
				52B7C7282B49E300003E507E /* PBXTargetDependency */,
			);
			name = GraduationProjectTests;
			productName = GraduationProjectTests;
			productReference = 52B7C7262B49E300003E507E /* GraduationProjectTests.xctest */;
			productType = "com.apple.product-type.bundle.unit-test";
		};
		52B7C72F2B49E300003E507E /* GraduationProjectUITests */ = {
			isa = PBXNativeTarget;
			buildConfigurationList = 52B7C7402B49E300003E507E /* Build configuration list for PBXNativeTarget "GraduationProjectUITests" */;
			buildPhases = (
				52B7C72C2B49E300003E507E /* Sources */,
				52B7C72D2B49E300003E507E /* Frameworks */,
				52B7C72E2B49E300003E507E /* Resources */,
			);
			buildRules = (
			);
			dependencies = (
				52B7C7322B49E300003E507E /* PBXTargetDependency */,
			);
			name = GraduationProjectUITests;
			productName = GraduationProjectUITests;
			productReference = 52B7C7302B49E300003E507E /* GraduationProjectUITests.xctest */;
			productType = "com.apple.product-type.bundle.ui-testing";
		};
/* End PBXNativeTarget section */

/* Begin PBXProject section */
		52B7C7082B49E2FF003E507E /* Project object */ = {
			isa = PBXProject;
			attributes = {
				BuildIndependentTargetsInParallel = 1;
				LastSwiftUpdateCheck = 1510;
				LastUpgradeCheck = 1510;
				TargetAttributes = {
					52B7C70F2B49E2FF003E507E = {
						CreatedOnToolsVersion = 15.1;
					};
					52B7C7252B49E300003E507E = {
						CreatedOnToolsVersion = 15.1;
						TestTargetID = 52B7C70F2B49E2FF003E507E;
					};
					52B7C72F2B49E300003E507E = {
						CreatedOnToolsVersion = 15.1;
						TestTargetID = 52B7C70F2B49E2FF003E507E;
					};
				};
			};
			buildConfigurationList = 52B7C70B2B49E2FF003E507E /* Build configuration list for PBXProject "GraduationProject" */;
			compatibilityVersion = "Xcode 14.0";
			developmentRegion = en;
			hasScannedForEncodings = 0;
			knownRegions = (
				en,
				Base,
			);
			mainGroup = 52B7C7072B49E2FF003E507E;
			productRefGroup = 52B7C7112B49E2FF003E507E /* Products */;
			projectDirPath = "";
			projectRoot = "";
			targets = (
				52B7C70F2B49E2FF003E507E /* GraduationProject */,
				52B7C7252B49E300003E507E /* GraduationProjectTests */,
				52B7C72F2B49E300003E507E /* GraduationProjectUITests */,
			);
		};
/* End PBXProject section */

/* Begin PBXResourcesBuildPhase section */
		52B7C70E2B49E2FF003E507E /* Resources */ = {
			isa = PBXResourcesBuildPhase;
			buildActionMask = 2147483647;
			files = (
				529D12022B946071005F7C4C /* MeetPlan-Design-Report.docx in Resources */,
				52B7C7202B49E300003E507E /* LaunchScreen.storyboard in Resources */,
				52B7C71D2B49E300003E507E /* Assets.xcassets in Resources */,
			);
			runOnlyForDeploymentPostprocessing = 0;
		};
		52B7C7242B49E300003E507E /* Resources */ = {
			isa = PBXResourcesBuildPhase;
			buildActionMask = 2147483647;
			files = (
			);
			runOnlyForDeploymentPostprocessing = 0;
		};
		52B7C72E2B49E300003E507E /* Resources */ = {
			isa = PBXResourcesBuildPhase;
			buildActionMask = 2147483647;
			files = (
			);
			runOnlyForDeploymentPostprocessing = 0;
		};
/* End PBXResourcesBuildPhase section */

/* Begin PBXSourcesBuildPhase section */
		52B7C70C2B49E2FF003E507E /* Sources */ = {
			isa = PBXSourcesBuildPhase;
			buildActionMask = 2147483647;
			files = (
				52B7C7182B49E2FF003E507E /* ViewController.swift in Sources */,
				52B7C7142B49E2FF003E507E /* AppDelegate.swift in Sources */,
				52B7C7162B49E2FF003E507E /* SceneDelegate.swift in Sources */,
			);
			runOnlyForDeploymentPostprocessing = 0;
		};
		52B7C7222B49E300003E507E /* Sources */ = {
			isa = PBXSourcesBuildPhase;
			buildActionMask = 2147483647;
			files = (
				52B7C72B2B49E300003E507E /* GraduationProjectTests.swift in Sources */,
			);
			runOnlyForDeploymentPostprocessing = 0;
		};
		52B7C72C2B49E300003E507E /* Sources */ = {
			isa = PBXSourcesBuildPhase;
			buildActionMask = 2147483647;
			files = (
				52B7C7372B49E300003E507E /* GraduationProjectUITestsLaunchTests.swift in Sources */,
				52B7C7352B49E300003E507E /* GraduationProjectUITests.swift in Sources */,
			);
			runOnlyForDeploymentPostprocessing = 0;
		};
/* End PBXSourcesBuildPhase section */

/* Begin PBXTargetDependency section */
		52B7C7282B49E300003E507E /* PBXTargetDependency */ = {
			isa = PBXTargetDependency;
			target = 52B7C70F2B49E2FF003E507E /* GraduationProject */;
			targetProxy = 52B7C7272B49E300003E507E /* PBXContainerItemProxy */;
		};
		52B7C7322B49E300003E507E /* PBXTargetDependency */ = {
			isa = PBXTargetDependency;
			target = 52B7C70F2B49E2FF003E507E /* GraduationProject */;
			targetProxy = 52B7C7312B49E300003E507E /* PBXContainerItemProxy */;
		};
/* End PBXTargetDependency section */

/* Begin PBXVariantGroup section */
		52B7C71E2B49E300003E507E /* LaunchScreen.storyboard */ = {
			isa = PBXVariantGroup;
			children = (
				52B7C71F2B49E300003E507E /* Base */,
			);
			name = LaunchScreen.storyboard;
			sourceTree = "<group>";
		};
/* End PBXVariantGroup section */

/* Begin XCBuildConfiguration section */
		52B7C7382B49E300003E507E /* Debug */ = {
			isa = XCBuildConfiguration;
			buildSettings = {
				ALWAYS_SEARCH_USER_PATHS = NO;
				ASSETCATALOG_COMPILER_GENERATE_SWIFT_ASSET_SYMBOL_EXTENSIONS = YES;
				CLANG_ANALYZER_NONNULL = YES;
				CLANG_ANALYZER_NUMBER_OBJECT_CONVERSION = YES_AGGRESSIVE;
				CLANG_CXX_LANGUAGE_STANDARD = "gnu++20";
				CLANG_ENABLE_MODULES = YES;
				CLANG_ENABLE_OBJC_ARC = YES;
				CLANG_ENABLE_OBJC_WEAK = YES;
				CLANG_WARN_BLOCK_CAPTURE_AUTORELEASING = YES;
				CLANG_WARN_BOOL_CONVERSION = YES;
				CLANG_WARN_COMMA = YES;
				CLANG_WARN_CONSTANT_CONVERSION = YES;
				CLANG_WARN_DEPRECATED_OBJC_IMPLEMENTATIONS = YES;
				CLANG_WARN_DIRECT_OBJC_ISA_USAGE = YES_ERROR;
				CLANG_WARN_DOCUMENTATION_COMMENTS = YES;
				CLANG_WARN_EMPTY_BODY = YES;
				CLANG_WARN_ENUM_CONVERSION = YES;
				CLANG_WARN_INFINITE_RECURSION = YES;
				CLANG_WARN_INT_CONVERSION = YES;
				CLANG_WARN_NON_LITERAL_NULL_CONVERSION = YES;
				CLANG_WARN_OBJC_IMPLICIT_RETAIN_SELF = YES;
				CLANG_WARN_OBJC_LITERAL_CONVERSION = YES;
				CLANG_WARN_OBJC_ROOT_CLASS = YES_ERROR;
				CLANG_WARN_QUOTED_INCLUDE_IN_FRAMEWORK_HEADER = YES;
				CLANG_WARN_RANGE_LOOP_ANALYSIS = YES;
				CLANG_WARN_STRICT_PROTOTYPES = YES;
				CLANG_WARN_SUSPICIOUS_MOVE = YES;
				CLANG_WARN_UNGUARDED_AVAILABILITY = YES_AGGRESSIVE;
				CLANG_WARN_UNREACHABLE_CODE = YES;
				CLANG_WARN__DUPLICATE_METHOD_MATCH = YES;
				COPY_PHASE_STRIP = NO;
				DEBUG_INFORMATION_FORMAT = dwarf;
				ENABLE_STRICT_OBJC_MSGSEND = YES;
				ENABLE_TESTABILITY = YES;
				ENABLE_USER_SCRIPT_SANDBOXING = YES;
				GCC_C_LANGUAGE_STANDARD = gnu17;
				GCC_DYNAMIC_NO_PIC = NO;
				GCC_NO_COMMON_BLOCKS = YES;
				GCC_OPTIMIZATION_LEVEL = 0;
				GCC_PREPROCESSOR_DEFINITIONS = (
					"DEBUG=1",
					"$(inherited)",
				);
				GCC_WARN_64_TO_32_BIT_CONVERSION = YES;
				GCC_WARN_ABOUT_RETURN_TYPE = YES_ERROR;
				GCC_WARN_UNDECLARED_SELECTOR = YES;
				GCC_WARN_UNINITIALIZED_AUTOS = YES_AGGRESSIVE;
				GCC_WARN_UNUSED_FUNCTION = YES;
				GCC_WARN_UNUSED_VARIABLE = YES;
				IPHONEOS_DEPLOYMENT_TARGET = 17.2;
				LOCALIZATION_PREFERS_STRING_CATALOGS = YES;
				MTL_ENABLE_DEBUG_INFO = INCLUDE_SOURCE;
				MTL_FAST_MATH = YES;
				ONLY_ACTIVE_ARCH = YES;
				SDKROOT = iphoneos;
				SWIFT_ACTIVE_COMPILATION_CONDITIONS = "DEBUG $(inherited)";
				SWIFT_OPTIMIZATION_LEVEL = "-Onone";
			};
			name = Debug;
		};
		52B7C7392B49E300003E507E /* Release */ = {
			isa = XCBuildConfiguration;
			buildSettings = {
				ALWAYS_SEARCH_USER_PATHS = NO;
				ASSETCATALOG_COMPILER_GENERATE_SWIFT_ASSET_SYMBOL_EXTENSIONS = YES;
				CLANG_ANALYZER_NONNULL = YES;
				CLANG_ANALYZER_NUMBER_OBJECT_CONVERSION = YES_AGGRESSIVE;
				CLANG_CXX_LANGUAGE_STANDARD = "gnu++20";
				CLANG_ENABLE_MODULES = YES;
				CLANG_ENABLE_OBJC_ARC = YES;
				CLANG_ENABLE_OBJC_WEAK = YES;
				CLANG_WARN_BLOCK_CAPTURE_AUTORELEASING = YES;
				CLANG_WARN_BOOL_CONVERSION = YES;
				CLANG_WARN_COMMA = YES;
				CLANG_WARN_CONSTANT_CONVERSION = YES;
				CLANG_WARN_DEPRECATED_OBJC_IMPLEMENTATIONS = YES;
				CLANG_WARN_DIRECT_OBJC_ISA_USAGE = YES_ERROR;
				CLANG_WARN_DOCUMENTATION_COMMENTS = YES;
				CLANG_WARN_EMPTY_BODY = YES;
				CLANG_WARN_ENUM_CONVERSION = YES;
				CLANG_WARN_INFINITE_RECURSION = YES;
				CLANG_WARN_INT_CONVERSION = YES;
				CLANG_WARN_NON_LITERAL_NULL_CONVERSION = YES;
				CLANG_WARN_OBJC_IMPLICIT_RETAIN_SELF = YES;
				CLANG_WARN_OBJC_LITERAL_CONVERSION = YES;
				CLANG_WARN_OBJC_ROOT_CLASS = YES_ERROR;
				CLANG_WARN_QUOTED_INCLUDE_IN_FRAMEWORK_HEADER = YES;
				CLANG_WARN_RANGE_LOOP_ANALYSIS = YES;
				CLANG_WARN_STRICT_PROTOTYPES = YES;
				CLANG_WARN_SUSPICIOUS_MOVE = YES;
				CLANG_WARN_UNGUARDED_AVAILABILITY = YES_AGGRESSIVE;
				CLANG_WARN_UNREACHABLE_CODE = YES;
				CLANG_WARN__DUPLICATE_METHOD_MATCH = YES;
				COPY_PHASE_STRIP = NO;
				DEBUG_INFORMATION_FORMAT = "dwarf-with-dsym";
				ENABLE_NS_ASSERTIONS = NO;
				ENABLE_STRICT_OBJC_MSGSEND = YES;
				ENABLE_USER_SCRIPT_SANDBOXING = YES;
				GCC_C_LANGUAGE_STANDARD = gnu17;
				GCC_NO_COMMON_BLOCKS = YES;
				GCC_WARN_64_TO_32_BIT_CONVERSION = YES;
				GCC_WARN_ABOUT_RETURN_TYPE = YES_ERROR;
				GCC_WARN_UNDECLARED_SELECTOR = YES;
				GCC_WARN_UNINITIALIZED_AUTOS = YES_AGGRESSIVE;
				GCC_WARN_UNUSED_FUNCTION = YES;
				GCC_WARN_UNUSED_VARIABLE = YES;
				IPHONEOS_DEPLOYMENT_TARGET = 17.2;
				LOCALIZATION_PREFERS_STRING_CATALOGS = YES;
				MTL_ENABLE_DEBUG_INFO = NO;
				MTL_FAST_MATH = YES;
				SDKROOT = iphoneos;
				SWIFT_COMPILATION_MODE = wholemodule;
				VALIDATE_PRODUCT = YES;
			};
			name = Release;
		};
		52B7C73B2B49E300003E507E /* Debug */ = {
			isa = XCBuildConfiguration;
			buildSettings = {
				ASSETCATALOG_COMPILER_APPICON_NAME = AppIcon;
				ASSETCATALOG_COMPILER_GLOBAL_ACCENT_COLOR_NAME = AccentColor;
				CODE_SIGN_STYLE = Automatic;
				CURRENT_PROJECT_VERSION = 1;
				DEVELOPMENT_TEAM = 2758CUH3C2;
				GENERATE_INFOPLIST_FILE = YES;
				INFOPLIST_FILE = GraduationProject/Info.plist;
				INFOPLIST_KEY_UIApplicationSupportsIndirectInputEvents = YES;
				INFOPLIST_KEY_UILaunchStoryboardName = LaunchScreen;
				INFOPLIST_KEY_UISupportedInterfaceOrientations_iPad = "UIInterfaceOrientationPortrait UIInterfaceOrientationPortraitUpsideDown UIInterfaceOrientationLandscapeLeft UIInterfaceOrientationLandscapeRight";
				INFOPLIST_KEY_UISupportedInterfaceOrientations_iPhone = "UIInterfaceOrientationPortrait UIInterfaceOrientationLandscapeLeft UIInterfaceOrientationLandscapeRight";
				LD_RUNPATH_SEARCH_PATHS = (
					"$(inherited)",
					"@executable_path/Frameworks",
				);
				MARKETING_VERSION = 1.0;
				PRODUCT_BUNDLE_IDENTIFIER = com.ulasozturk.GraduationProject;
				PRODUCT_NAME = "$(TARGET_NAME)";
				SWIFT_EMIT_LOC_STRINGS = YES;
				SWIFT_VERSION = 5.0;
				TARGETED_DEVICE_FAMILY = "1,2";
			};
			name = Debug;
		};
		52B7C73C2B49E300003E507E /* Release */ = {
			isa = XCBuildConfiguration;
			buildSettings = {
				ASSETCATALOG_COMPILER_APPICON_NAME = AppIcon;
				ASSETCATALOG_COMPILER_GLOBAL_ACCENT_COLOR_NAME = AccentColor;
				CODE_SIGN_STYLE = Automatic;
				CURRENT_PROJECT_VERSION = 1;
				DEVELOPMENT_TEAM = 2758CUH3C2;
				GENERATE_INFOPLIST_FILE = YES;
				INFOPLIST_FILE = GraduationProject/Info.plist;
				INFOPLIST_KEY_UIApplicationSupportsIndirectInputEvents = YES;
				INFOPLIST_KEY_UILaunchStoryboardName = LaunchScreen;
				INFOPLIST_KEY_UISupportedInterfaceOrientations_iPad = "UIInterfaceOrientationPortrait UIInterfaceOrientationPortraitUpsideDown UIInterfaceOrientationLandscapeLeft UIInterfaceOrientationLandscapeRight";
				INFOPLIST_KEY_UISupportedInterfaceOrientations_iPhone = "UIInterfaceOrientationPortrait UIInterfaceOrientationLandscapeLeft UIInterfaceOrientationLandscapeRight";
				LD_RUNPATH_SEARCH_PATHS = (
					"$(inherited)",
					"@executable_path/Frameworks",
				);
				MARKETING_VERSION = 1.0;
				PRODUCT_BUNDLE_IDENTIFIER = com.ulasozturk.GraduationProject;
				PRODUCT_NAME = "$(TARGET_NAME)";
				SWIFT_EMIT_LOC_STRINGS = YES;
				SWIFT_VERSION = 5.0;
				TARGETED_DEVICE_FAMILY = "1,2";
			};
			name = Release;
		};
		52B7C73E2B49E300003E507E /* Debug */ = {
			isa = XCBuildConfiguration;
			buildSettings = {
				ALWAYS_EMBED_SWIFT_STANDARD_LIBRARIES = YES;
				BUNDLE_LOADER = "$(TEST_HOST)";
				CODE_SIGN_STYLE = Automatic;
				CURRENT_PROJECT_VERSION = 1;
				DEVELOPMENT_TEAM = 2758CUH3C2;
				GENERATE_INFOPLIST_FILE = YES;
				IPHONEOS_DEPLOYMENT_TARGET = 17.2;
				MARKETING_VERSION = 1.0;
				PRODUCT_BUNDLE_IDENTIFIER = com.ulasozturk.GraduationProjectTests;
				PRODUCT_NAME = "$(TARGET_NAME)";
				SWIFT_EMIT_LOC_STRINGS = NO;
				SWIFT_VERSION = 5.0;
				TARGETED_DEVICE_FAMILY = "1,2";
				TEST_HOST = "$(BUILT_PRODUCTS_DIR)/GraduationProject.app/$(BUNDLE_EXECUTABLE_FOLDER_PATH)/GraduationProject";
			};
			name = Debug;
		};
		52B7C73F2B49E300003E507E /* Release */ = {
			isa = XCBuildConfiguration;
			buildSettings = {
				ALWAYS_EMBED_SWIFT_STANDARD_LIBRARIES = YES;
				BUNDLE_LOADER = "$(TEST_HOST)";
				CODE_SIGN_STYLE = Automatic;
				CURRENT_PROJECT_VERSION = 1;
				DEVELOPMENT_TEAM = 2758CUH3C2;
				GENERATE_INFOPLIST_FILE = YES;
				IPHONEOS_DEPLOYMENT_TARGET = 17.2;
				MARKETING_VERSION = 1.0;
				PRODUCT_BUNDLE_IDENTIFIER = com.ulasozturk.GraduationProjectTests;
				PRODUCT_NAME = "$(TARGET_NAME)";
				SWIFT_EMIT_LOC_STRINGS = NO;
				SWIFT_VERSION = 5.0;
				TARGETED_DEVICE_FAMILY = "1,2";
				TEST_HOST = "$(BUILT_PRODUCTS_DIR)/GraduationProject.app/$(BUNDLE_EXECUTABLE_FOLDER_PATH)/GraduationProject";
			};
			name = Release;
		};
		52B7C7412B49E300003E507E /* Debug */ = {
			isa = XCBuildConfiguration;
			buildSettings = {
				ALWAYS_EMBED_SWIFT_STANDARD_LIBRARIES = YES;
				CODE_SIGN_STYLE = Automatic;
				CURRENT_PROJECT_VERSION = 1;
				DEVELOPMENT_TEAM = 2758CUH3C2;
				GENERATE_INFOPLIST_FILE = YES;
				MARKETING_VERSION = 1.0;
				PRODUCT_BUNDLE_IDENTIFIER = com.ulasozturk.GraduationProjectUITests;
				PRODUCT_NAME = "$(TARGET_NAME)";
				SWIFT_EMIT_LOC_STRINGS = NO;
				SWIFT_VERSION = 5.0;
				TARGETED_DEVICE_FAMILY = "1,2";
				TEST_TARGET_NAME = GraduationProject;
			};
			name = Debug;
		};
		52B7C7422B49E300003E507E /* Release */ = {
			isa = XCBuildConfiguration;
			buildSettings = {
				ALWAYS_EMBED_SWIFT_STANDARD_LIBRARIES = YES;
				CODE_SIGN_STYLE = Automatic;
				CURRENT_PROJECT_VERSION = 1;
				DEVELOPMENT_TEAM = 2758CUH3C2;
				GENERATE_INFOPLIST_FILE = YES;
				MARKETING_VERSION = 1.0;
				PRODUCT_BUNDLE_IDENTIFIER = com.ulasozturk.GraduationProjectUITests;
				PRODUCT_NAME = "$(TARGET_NAME)";
				SWIFT_EMIT_LOC_STRINGS = NO;
				SWIFT_VERSION = 5.0;
				TARGETED_DEVICE_FAMILY = "1,2";
				TEST_TARGET_NAME = GraduationProject;
			};
			name = Release;
		};
/* End XCBuildConfiguration section */

/* Begin XCConfigurationList section */
		52B7C70B2B49E2FF003E507E /* Build configuration list for PBXProject "GraduationProject" */ = {
			isa = XCConfigurationList;
			buildConfigurations = (
				52B7C7382B49E300003E507E /* Debug */,
				52B7C7392B49E300003E507E /* Release */,
			);
			defaultConfigurationIsVisible = 0;
			defaultConfigurationName = Release;
		};
		52B7C73A2B49E300003E507E /* Build configuration list for PBXNativeTarget "GraduationProject" */ = {
			isa = XCConfigurationList;
			buildConfigurations = (
				52B7C73B2B49E300003E507E /* Debug */,
				52B7C73C2B49E300003E507E /* Release */,
			);
			defaultConfigurationIsVisible = 0;
			defaultConfigurationName = Release;
		};
		52B7C73D2B49E300003E507E /* Build configuration list for PBXNativeTarget "GraduationProjectTests" */ = {
			isa = XCConfigurationList;
			buildConfigurations = (
				52B7C73E2B49E300003E507E /* Debug */,
				52B7C73F2B49E300003E507E /* Release */,
			);
			defaultConfigurationIsVisible = 0;
			defaultConfigurationName = Release;
		};
		52B7C7402B49E300003E507E /* Build configuration list for PBXNativeTarget "GraduationProjectUITests" */ = {
			isa = XCConfigurationList;
			buildConfigurations = (
				52B7C7412B49E300003E507E /* Debug */,
				52B7C7422B49E300003E507E /* Release */,
			);
			defaultConfigurationIsVisible = 0;
			defaultConfigurationName = Release;
		};
/* End XCConfigurationList section */
	};
	rootObject = 52B7C7082B49E2FF003E507E /* Project object */;
}
